
Microsoft Visual Studio Solution File, Format Version 12.00
# Visual Studio Version 16
VisualStudioVersion = 16.0.30204.135
MinimumVisualStudioVersion = 10.0.40219.1
Project("{FAE04EC0-301F-11D3-BF4B-00C04F79EFBC}") = "Entities", "Entities\Entities.csproj", "{B6ECA982-5FFA-4065-BF7A-DCC17921CEF3}"
EndProject
Project("{FAE04EC0-301F-11D3-BF4B-00C04F79EFBC}") = "DataAccess", "DataAccess\DataAccess.csproj", "{2D179801-8BC2-4C00-834A-28DE15D20027}"
EndProject
Project("{FAE04EC0-301F-11D3-BF4B-00C04F79EFBC}") = "Business", "Business\Business.csproj", "{E1B87A75-F431-4884-9BE1-047CECA2D3DE}"
EndProject
Project("{FAE04EC0-301F-11D3-BF4B-00C04F79EFBC}") = "MvcWebUI", "MvcWebUI\MvcWebUI.csproj", "{23AF3ED9-CDBF-4E81-A629-494BA7171162}"
EndProject
Project("{FAE04EC0-301F-11D3-BF4B-00C04F79EFBC}") = "WebAPI", "WebAPI\WebAPI.csproj", "{816837EB-95B0-4C9B-BF8A-BE93B5A4A9CA}"
EndProject
Project("{FAE04EC0-301F-11D3-BF4B-00C04F79EFBC}") = "Core", "Core\Core.csproj", "{4EC91A7E-4CEB-4809-93E2-9B4D631B8454}"
EndProject
Global
	GlobalSection(SolutionConfigurationPlatforms) = preSolution
		Debug|Any CPU = Debug|Any CPU
		Release|Any CPU = Release|Any CPU
	EndGlobalSection
	GlobalSection(ProjectConfigurationPlatforms) = postSolution
		{B6ECA982-5FFA-4065-BF7A-DCC17921CEF3}.Debug|Any CPU.ActiveCfg = Debug|Any CPU
		{B6ECA982-5FFA-4065-BF7A-DCC17921CEF3}.Debug|Any CPU.Build.0 = Debug|Any CPU
		{B6ECA982-5FFA-4065-BF7A-DCC17921CEF3}.Release|Any CPU.ActiveCfg = Release|Any CPU
		{B6ECA982-5FFA-4065-BF7A-DCC17921CEF3}.Release|Any CPU.Build.0 = Release|Any CPU
		{2D179801-8BC2-4C00-834A-28DE15D20027}.Debug|Any CPU.ActiveCfg = Debug|Any CPU
		{2D179801-8BC2-4C00-834A-28DE15D20027}.Debug|Any CPU.Build.0 = Debug|Any CPU
		{2D179801-8BC2-4C00-834A-28DE15D20027}.Release|Any CPU.ActiveCfg = Release|Any CPU
		{2D179801-8BC2-4C00-834A-28DE15D20027}.Release|Any CPU.Build.0 = Release|Any CPU
		{E1B87A75-F431-4884-9BE1-047CECA2D3DE}.Debug|Any CPU.ActiveCfg = Debug|Any CPU
		{E1B87A75-F431-4884-9BE1-047CECA2D3DE}.Debug|Any CPU.Build.0 = Debug|Any CPU
		{E1B87A75-F431-4884-9BE1-047CECA2D3DE}.Release|Any CPU.ActiveCfg = Release|Any CPU
		{E1B87A75-F431-4884-9BE1-047CECA2D3DE}.Release|Any CPU.Build.0 = Release|Any CPU
		{23AF3ED9-CDBF-4E81-A629-494BA7171162}.Debug|Any CPU.ActiveCfg = Debug|Any CPU
		{23AF3ED9-CDBF-4E81-A629-494BA7171162}.Debug|Any CPU.Build.0 = Debug|Any CPU
		{23AF3ED9-CDBF-4E81-A629-494BA7171162}.Release|Any CPU.ActiveCfg = Release|Any CPU
		{23AF3ED9-CDBF-4E81-A629-494BA7171162}.Release|Any CPU.Build.0 = Release|Any CPU
		{816837EB-95B0-4C9B-BF8A-BE93B5A4A9CA}.Debug|Any CPU.ActiveCfg = Debug|Any CPU
		{816837EB-95B0-4C9B-BF8A-BE93B5A4A9CA}.Debug|Any CPU.Build.0 = Debug|Any CPU
		{816837EB-95B0-4C9B-BF8A-BE93B5A4A9CA}.Release|Any CPU.ActiveCfg = Release|Any CPU
		{816837EB-95B0-4C9B-BF8A-BE93B5A4A9CA}.Release|Any CPU.Build.0 = Release|Any CPU
		{4EC91A7E-4CEB-4809-93E2-9B4D631B8454}.Debug|Any CPU.ActiveCfg = Debug|Any CPU
		{4EC91A7E-4CEB-4809-93E2-9B4D631B8454}.Debug|Any CPU.Build.0 = Debug|Any CPU
		{4EC91A7E-4CEB-4809-93E2-9B4D631B8454}.Release|Any CPU.ActiveCfg = Release|Any CPU
		{4EC91A7E-4CEB-4809-93E2-9B4D631B8454}.Release|Any CPU.Build.0 = Release|Any CPU
	EndGlobalSection
	GlobalSection(SolutionProperties) = preSolution
		HideSolutionNode = FALSE
	EndGlobalSection
	GlobalSection(ExtensibilityGlobals) = postSolution
		SolutionGuid = {226F72AA-B086-4BE9-AAB2-A8BB498B283C}
	EndGlobalSection
EndGlobal
